{
  "pins" : [
    {
      "identity" : "swift-syntax",
      "kind" : "remoteSourceControl",
      "location" : "https://github.com/apple/swift-syntax.git",
      "state" : {
        "branch" : "main",
        "revision" : "4db7cb20e63f4dba0b030068687996723e352874"
      }
    }
  ],
  "version" : 2
}
